// !$*UTF8*$!
{
	archiveVersion = 1;
	classes = {
	};
	objectVersion = 56;
	objects = {

/* Begin PBXBuildFile section */
		02D3E176385AD16D6AC5D804 /* libPods-GymBuddyTests.a in Frameworks */ = {isa = PBXBuildFile; fileRef = CF9D0CE24C5AF89098C960EA /* libPods-GymBuddyTests.a */; };
		522D0FB4290188C600A52D85 /* AppDelegate.swift in Sources */ = {isa = PBXBuildFile; fileRef = 522D0FB3290188C600A52D85 /* AppDelegate.swift */; };
		522D0FB6290188C600A52D85 /* SceneDelegate.swift in Sources */ = {isa = PBXBuildFile; fileRef = 522D0FB5290188C600A52D85 /* SceneDelegate.swift */; };
		522D0FB8290188C600A52D85 /* ListOfExercisesViewController.swift in Sources */ = {isa = PBXBuildFile; fileRef = 522D0FB7290188C600A52D85 /* ListOfExercisesViewController.swift */; };
		522D0FBB290188C600A52D85 /* ListOfExercises.storyboard in Resources */ = {isa = PBXBuildFile; fileRef = 522D0FB9290188C600A52D85 /* ListOfExercises.storyboard */; };
		522D0FBD290188C800A52D85 /* Assets.xcassets in Resources */ = {isa = PBXBuildFile; fileRef = 522D0FBC290188C800A52D85 /* Assets.xcassets */; };
		522D0FC0290188C800A52D85 /* LaunchScreen.storyboard in Resources */ = {isa = PBXBuildFile; fileRef = 522D0FBE290188C800A52D85 /* LaunchScreen.storyboard */; };
		522F875A2901A15F00F99151 /* Colors.xcassets in Resources */ = {isa = PBXBuildFile; fileRef = 522F87592901A15F00F99151 /* Colors.xcassets */; };
		522F875E2901ACE100F99151 /* Localizable.strings in Resources */ = {isa = PBXBuildFile; fileRef = 522F875D2901ACE100F99151 /* Localizable.strings */; };
		522F87642901AD4600F99151 /* HostService.swift in Sources */ = {isa = PBXBuildFile; fileRef = 522F87632901AD4600F99151 /* HostService.swift */; };
		522F876A2901C01300F99151 /* ExerciseRequest.swift in Sources */ = {isa = PBXBuildFile; fileRef = 522F87692901C01300F99151 /* ExerciseRequest.swift */; };
		522F876C2901C02000F99151 /* BaseRequest.swift in Sources */ = {isa = PBXBuildFile; fileRef = 522F876B2901C02000F99151 /* BaseRequest.swift */; };
		522F876E2901C10B00F99151 /* BaseAPI.swift in Sources */ = {isa = PBXBuildFile; fileRef = 522F876D2901C10B00F99151 /* BaseAPI.swift */; };
		522F87702901C56000F99151 /* NetworkError.swift in Sources */ = {isa = PBXBuildFile; fileRef = 522F876F2901C56000F99151 /* NetworkError.swift */; };
		522F87742901C81200F99151 /* String+Extension.swift in Sources */ = {isa = PBXBuildFile; fileRef = 522F87732901C81200F99151 /* String+Extension.swift */; };
		522F877629032BAE00F99151 /* ExerciseAPI.swift in Sources */ = {isa = PBXBuildFile; fileRef = 522F877529032BAE00F99151 /* ExerciseAPI.swift */; };
		522F877829032BE200F99151 /* ExerciseRequester.swift in Sources */ = {isa = PBXBuildFile; fileRef = 522F877729032BE200F99151 /* ExerciseRequester.swift */; };
		522F877B29032D3E00F99151 /* ExerciseDTO.swift in Sources */ = {isa = PBXBuildFile; fileRef = 522F877A29032D3E00F99151 /* ExerciseDTO.swift */; };
		522F877D2903424E00F99151 /* Globals.swift in Sources */ = {isa = PBXBuildFile; fileRef = 522F877C2903424E00F99151 /* Globals.swift */; };
		522F87812903550200F99151 /* Exercise.swift in Sources */ = {isa = PBXBuildFile; fileRef = 522F87802903550200F99151 /* Exercise.swift */; };
		522F8784290355DD00F99151 /* ExerciseRespository.swift in Sources */ = {isa = PBXBuildFile; fileRef = 522F8783290355DD00F99151 /* ExerciseRespository.swift */; };
		522F8786290357D000F99151 /* ListOfExercisesUseCase.swift in Sources */ = {isa = PBXBuildFile; fileRef = 522F8785290357D000F99151 /* ListOfExercisesUseCase.swift */; };
		522F878B290359DB00F99151 /* AppError.swift in Sources */ = {isa = PBXBuildFile; fileRef = 522F878A290359DB00F99151 /* AppError.swift */; };
		522F878E29037E7400F99151 /* UIStoryboard+Extension.swift in Sources */ = {isa = PBXBuildFile; fileRef = 522F878D29037E7400F99151 /* UIStoryboard+Extension.swift */; };
		522F879129037EC800F99151 /* StoryboardInstantiable.swift in Sources */ = {isa = PBXBuildFile; fileRef = 522F879029037EC800F99151 /* StoryboardInstantiable.swift */; };
		522F879329037F0D00F99151 /* UITableView+Extension.swift in Sources */ = {isa = PBXBuildFile; fileRef = 522F879229037F0D00F99151 /* UITableView+Extension.swift */; };
		522F879529037F2C00F99151 /* UITableViewCell+Extension.swift in Sources */ = {isa = PBXBuildFile; fileRef = 522F879429037F2C00F99151 /* UITableViewCell+Extension.swift */; };
		522F879729037F7600F99151 /* UIView+Extension.swift in Sources */ = {isa = PBXBuildFile; fileRef = 522F879629037F7600F99151 /* UIView+Extension.swift */; };
		522F87992903801300F99151 /* UIViewController+Extension.swift in Sources */ = {isa = PBXBuildFile; fileRef = 522F87982903801300F99151 /* UIViewController+Extension.swift */; };
		522F879B290380B400F99151 /* UIColor+Extension.swift in Sources */ = {isa = PBXBuildFile; fileRef = 522F879A290380B400F99151 /* UIColor+Extension.swift */; };
		522F879D2903816400F99151 /* UIImage+Extension.swift in Sources */ = {isa = PBXBuildFile; fileRef = 522F879C2903816400F99151 /* UIImage+Extension.swift */; };
		522F879F290383BC00F99151 /* ListOfExercisesViewModel.swift in Sources */ = {isa = PBXBuildFile; fileRef = 522F879E290383BC00F99151 /* ListOfExercisesViewModel.swift */; };
		522F87A32903868200F99151 /* BaseViewModel.swift in Sources */ = {isa = PBXBuildFile; fileRef = 522F87A22903868200F99151 /* BaseViewModel.swift */; };
		522F87A6290386D700F99151 /* LoadingView.swift in Sources */ = {isa = PBXBuildFile; fileRef = 522F87A5290386D700F99151 /* LoadingView.swift */; };
		522F87A929038DD700F99151 /* ListOfExercisesNavigator.swift in Sources */ = {isa = PBXBuildFile; fileRef = 522F87A829038DD700F99151 /* ListOfExercisesNavigator.swift */; };
		522F87AB29038EB200F99151 /* ApplicationFlow.swift in Sources */ = {isa = PBXBuildFile; fileRef = 522F87AA29038EB200F99151 /* ApplicationFlow.swift */; };
		522F87AD29039DFB00F99151 /* BaseViewController.swift in Sources */ = {isa = PBXBuildFile; fileRef = 522F87AC29039DFB00F99151 /* BaseViewController.swift */; };
		522F87B12904855700F99151 /* ExerciseTableViewCell.swift in Sources */ = {isa = PBXBuildFile; fileRef = 522F87AF2904855700F99151 /* ExerciseTableViewCell.swift */; };
		522F87B22904855700F99151 /* ExerciseTableViewCell.xib in Resources */ = {isa = PBXBuildFile; fileRef = 522F87B02904855700F99151 /* ExerciseTableViewCell.xib */; };
		522F87B4290486BC00F99151 /* ExerciseCellInfo.swift in Sources */ = {isa = PBXBuildFile; fileRef = 522F87B3290486BC00F99151 /* ExerciseCellInfo.swift */; };
		522F87B629048E4D00F99151 /* UIEdgeInsets+Extension.swift in Sources */ = {isa = PBXBuildFile; fileRef = 522F87B529048E4D00F99151 /* UIEdgeInsets+Extension.swift */; };
		522F87C82904A52300F99151 /* ListOfExercisesViewModelTests.swift in Sources */ = {isa = PBXBuildFile; fileRef = 522F87C72904A52300F99151 /* ListOfExercisesViewModelTests.swift */; };
		522F87CD2904A5BA00F99151 /* ListOfExercisesUseCaseMock.swift in Sources */ = {isa = PBXBuildFile; fileRef = 522F87CC2904A5BA00F99151 /* ListOfExercisesUseCaseMock.swift */; };
		522F87CF2904AA7C00F99151 /* ExerciseDataMocks.swift in Sources */ = {isa = PBXBuildFile; fileRef = 522F87CE2904AA7C00F99151 /* ExerciseDataMocks.swift */; };
		522F87D22904B68200F99151 /* ExerciseRespositoryMock.swift in Sources */ = {isa = PBXBuildFile; fileRef = 522F87D12904B68200F99151 /* ExerciseRespositoryMock.swift */; };
		522F87D52904B78F00F99151 /* ListOfExercisesUseCaseTests.swift in Sources */ = {isa = PBXBuildFile; fileRef = 522F87D42904B78F00F99151 /* ListOfExercisesUseCaseTests.swift */; };
		522F87D82904C42500F99151 /* ExerciseImageDTO.swift in Sources */ = {isa = PBXBuildFile; fileRef = 522F87D72904C42500F99151 /* ExerciseImageDTO.swift */; };
		522F87DA2904C44100F99151 /* ExerciseDetailsDTO.swift in Sources */ = {isa = PBXBuildFile; fileRef = 522F87D92904C44100F99151 /* ExerciseDetailsDTO.swift */; };
		522F87DC2904C4BC00F99151 /* ExerciseDetails.swift in Sources */ = {isa = PBXBuildFile; fileRef = 522F87DB2904C4BC00F99151 /* ExerciseDetails.swift */; };
		522F87E02904CFC700F99151 /* ExerciseDetailsUseCase.swift in Sources */ = {isa = PBXBuildFile; fileRef = 522F87DF2904CFC700F99151 /* ExerciseDetailsUseCase.swift */; };
		522F87E52904D37900F99151 /* ExerciseDetailsView.swift in Sources */ = {isa = PBXBuildFile; fileRef = 522F87E42904D37900F99151 /* ExerciseDetailsView.swift */; };
		522F87E72904D3A300F99151 /* ExerciseDetailsNavigator.swift in Sources */ = {isa = PBXBuildFile; fileRef = 522F87E62904D3A300F99151 /* ExerciseDetailsNavigator.swift */; };
		522F87E92904D4F000F99151 /* ExerciseDetailsViewModel.swift in Sources */ = {isa = PBXBuildFile; fileRef = 522F87E82904D4F000F99151 /* ExerciseDetailsViewModel.swift */; };
		5294CDB52905B8C6002F6F24 /* ImageView.swift in Sources */ = {isa = PBXBuildFile; fileRef = 5294CDB42905B8C6002F6F24 /* ImageView.swift */; };
		5294CDB82905C497002F6F24 /* ExerciseImagesView.swift in Sources */ = {isa = PBXBuildFile; fileRef = 5294CDB72905C497002F6F24 /* ExerciseImagesView.swift */; };
		5294CDBA2905C4D0002F6F24 /* ExerciseImageItem.swift in Sources */ = {isa = PBXBuildFile; fileRef = 5294CDB92905C4D0002F6F24 /* ExerciseImageItem.swift */; };
		5294CDBD2905CDDC002F6F24 /* ExerciseVariationsView.swift in Sources */ = {isa = PBXBuildFile; fileRef = 5294CDBC2905CDDC002F6F24 /* ExerciseVariationsView.swift */; };
		5294CDBF2905CE1E002F6F24 /* ExerciseVariationItem.swift in Sources */ = {isa = PBXBuildFile; fileRef = 5294CDBE2905CE1E002F6F24 /* ExerciseVariationItem.swift */; };
		5294CDC12905E1F8002F6F24 /* ExerciseDetailsUseCaseTests.swift in Sources */ = {isa = PBXBuildFile; fileRef = 5294CDC02905E1F8002F6F24 /* ExerciseDetailsUseCaseTests.swift */; };
		5294CDC32905E3A0002F6F24 /* ExerciseDetailsUseCaseMock.swift in Sources */ = {isa = PBXBuildFile; fileRef = 5294CDC22905E3A0002F6F24 /* ExerciseDetailsUseCaseMock.swift */; };
		5294CDC62905E43E002F6F24 /* ExerciseDetailsViewModelTests.swift in Sources */ = {isa = PBXBuildFile; fileRef = 5294CDC52905E43E002F6F24 /* ExerciseDetailsViewModelTests.swift */; };
		68600781D131C7FF99E1CCBE /* libPods-GymBuddy.a in Frameworks */ = {isa = PBXBuildFile; fileRef = A973126C3F0ED64776127DDC /* libPods-GymBuddy.a */; };
/* End PBXBuildFile section */

/* Begin PBXContainerItemProxy section */
		522F87C12904A32F00F99151 /* PBXContainerItemProxy */ = {
			isa = PBXContainerItemProxy;
			containerPortal = 522D0FA8290188C600A52D85 /* Project object */;
			proxyType = 1;
			remoteGlobalIDString = 522D0FAF290188C600A52D85;
			remoteInfo = GymBuddy;
		};
/* End PBXContainerItemProxy section */

/* Begin PBXFileReference section */
		4F51962DAA5B27BA589F32B4 /* Pods-GymBuddyTests.debug.xcconfig */ = {isa = PBXFileReference; includeInIndex = 1; lastKnownFileType = text.xcconfig; name = "Pods-GymBuddyTests.debug.xcconfig"; path = "Target Support Files/Pods-GymBuddyTests/Pods-GymBuddyTests.debug.xcconfig"; sourceTree = "<group>"; };
		522D0FB0290188C600A52D85 /* GymBuddy.app */ = {isa = PBXFileReference; explicitFileType = wrapper.application; includeInIndex = 0; path = GymBuddy.app; sourceTree = BUILT_PRODUCTS_DIR; };
		522D0FB3290188C600A52D85 /* AppDelegate.swift */ = {isa = PBXFileReference; lastKnownFileType = sourcecode.swift; path = AppDelegate.swift; sourceTree = "<group>"; };
		522D0FB5290188C600A52D85 /* SceneDelegate.swift */ = {isa = PBXFileReference; lastKnownFileType = sourcecode.swift; path = SceneDelegate.swift; sourceTree = "<group>"; };
		522D0FB7290188C600A52D85 /* ListOfExercisesViewController.swift */ = {isa = PBXFileReference; lastKnownFileType = sourcecode.swift; path = ListOfExercisesViewController.swift; sourceTree = "<group>"; };
		522D0FBA290188C600A52D85 /* Base */ = {isa = PBXFileReference; lastKnownFileType = file.storyboard; name = Base; path = Base.lproj/ListOfExercises.storyboard; sourceTree = "<group>"; };
		522D0FBC290188C800A52D85 /* Assets.xcassets */ = {isa = PBXFileReference; lastKnownFileType = folder.assetcatalog; path = Assets.xcassets; sourceTree = "<group>"; };
		522D0FBF290188C800A52D85 /* Base */ = {isa = PBXFileReference; lastKnownFileType = file.storyboard; name = Base; path = Base.lproj/LaunchScreen.storyboard; sourceTree = "<group>"; };
		522D0FC1290188C800A52D85 /* Info.plist */ = {isa = PBXFileReference; lastKnownFileType = text.plist.xml; path = Info.plist; sourceTree = "<group>"; };
		522F87592901A15F00F99151 /* Colors.xcassets */ = {isa = PBXFileReference; lastKnownFileType = folder.assetcatalog; path = Colors.xcassets; sourceTree = "<group>"; };
		522F875D2901ACE100F99151 /* Localizable.strings */ = {isa = PBXFileReference; lastKnownFileType = text.plist.strings; path = Localizable.strings; sourceTree = "<group>"; };
		522F87632901AD4600F99151 /* HostService.swift */ = {isa = PBXFileReference; lastKnownFileType = sourcecode.swift; path = HostService.swift; sourceTree = "<group>"; };
		522F87692901C01300F99151 /* ExerciseRequest.swift */ = {isa = PBXFileReference; lastKnownFileType = sourcecode.swift; path = ExerciseRequest.swift; sourceTree = "<group>"; };
		522F876B2901C02000F99151 /* BaseRequest.swift */ = {isa = PBXFileReference; lastKnownFileType = sourcecode.swift; path = BaseRequest.swift; sourceTree = "<group>"; };
		522F876D2901C10B00F99151 /* BaseAPI.swift */ = {isa = PBXFileReference; lastKnownFileType = sourcecode.swift; path = BaseAPI.swift; sourceTree = "<group>"; };
		522F876F2901C56000F99151 /* NetworkError.swift */ = {isa = PBXFileReference; lastKnownFileType = sourcecode.swift; path = NetworkError.swift; sourceTree = "<group>"; };
		522F87732901C81200F99151 /* String+Extension.swift */ = {isa = PBXFileReference; lastKnownFileType = sourcecode.swift; path = "String+Extension.swift"; sourceTree = "<group>"; };
		522F877529032BAE00F99151 /* ExerciseAPI.swift */ = {isa = PBXFileReference; lastKnownFileType = sourcecode.swift; path = ExerciseAPI.swift; sourceTree = "<group>"; };
		522F877729032BE200F99151 /* ExerciseRequester.swift */ = {isa = PBXFileReference; lastKnownFileType = sourcecode.swift; path = ExerciseRequester.swift; sourceTree = "<group>"; };
		522F877A29032D3E00F99151 /* ExerciseDTO.swift */ = {isa = PBXFileReference; lastKnownFileType = sourcecode.swift; path = ExerciseDTO.swift; sourceTree = "<group>"; };
		522F877C2903424E00F99151 /* Globals.swift */ = {isa = PBXFileReference; lastKnownFileType = sourcecode.swift; path = Globals.swift; sourceTree = "<group>"; };
		522F87802903550200F99151 /* Exercise.swift */ = {isa = PBXFileReference; lastKnownFileType = sourcecode.swift; path = Exercise.swift; sourceTree = "<group>"; };
		522F8783290355DD00F99151 /* ExerciseRespository.swift */ = {isa = PBXFileReference; lastKnownFileType = sourcecode.swift; path = ExerciseRespository.swift; sourceTree = "<group>"; };
		522F8785290357D000F99151 /* ListOfExercisesUseCase.swift */ = {isa = PBXFileReference; lastKnownFileType = sourcecode.swift; path = ListOfExercisesUseCase.swift; sourceTree = "<group>"; };
		522F878A290359DB00F99151 /* AppError.swift */ = {isa = PBXFileReference; lastKnownFileType = sourcecode.swift; path = AppError.swift; sourceTree = "<group>"; };
		522F878D29037E7400F99151 /* UIStoryboard+Extension.swift */ = {isa = PBXFileReference; lastKnownFileType = sourcecode.swift; path = "UIStoryboard+Extension.swift"; sourceTree = "<group>"; };
		522F879029037EC800F99151 /* StoryboardInstantiable.swift */ = {isa = PBXFileReference; lastKnownFileType = sourcecode.swift; path = StoryboardInstantiable.swift; sourceTree = "<group>"; };
		522F879229037F0D00F99151 /* UITableView+Extension.swift */ = {isa = PBXFileReference; lastKnownFileType = sourcecode.swift; path = "UITableView+Extension.swift"; sourceTree = "<group>"; };
		522F879429037F2C00F99151 /* UITableViewCell+Extension.swift */ = {isa = PBXFileReference; lastKnownFileType = sourcecode.swift; path = "UITableViewCell+Extension.swift"; sourceTree = "<group>"; };
		522F879629037F7600F99151 /* UIView+Extension.swift */ = {isa = PBXFileReference; lastKnownFileType = sourcecode.swift; path = "UIView+Extension.swift"; sourceTree = "<group>"; };
		522F87982903801300F99151 /* UIViewController+Extension.swift */ = {isa = PBXFileReference; lastKnownFileType = sourcecode.swift; path = "UIViewController+Extension.swift"; sourceTree = "<group>"; };
		522F879A290380B400F99151 /* UIColor+Extension.swift */ = {isa = PBXFileReference; lastKnownFileType = sourcecode.swift; path = "UIColor+Extension.swift"; sourceTree = "<group>"; };
		522F879C2903816400F99151 /* UIImage+Extension.swift */ = {isa = PBXFileReference; lastKnownFileType = sourcecode.swift; path = "UIImage+Extension.swift"; sourceTree = "<group>"; };
		522F879E290383BC00F99151 /* ListOfExercisesViewModel.swift */ = {isa = PBXFileReference; lastKnownFileType = sourcecode.swift; path = ListOfExercisesViewModel.swift; sourceTree = "<group>"; };
		522F87A22903868200F99151 /* BaseViewModel.swift */ = {isa = PBXFileReference; lastKnownFileType = sourcecode.swift; path = BaseViewModel.swift; sourceTree = "<group>"; };
		522F87A5290386D700F99151 /* LoadingView.swift */ = {isa = PBXFileReference; lastKnownFileType = sourcecode.swift; path = LoadingView.swift; sourceTree = "<group>"; };
		522F87A829038DD700F99151 /* ListOfExercisesNavigator.swift */ = {isa = PBXFileReference; lastKnownFileType = sourcecode.swift; path = ListOfExercisesNavigator.swift; sourceTree = "<group>"; };
		522F87AA29038EB200F99151 /* ApplicationFlow.swift */ = {isa = PBXFileReference; lastKnownFileType = sourcecode.swift; path = ApplicationFlow.swift; sourceTree = "<group>"; };
		522F87AC29039DFB00F99151 /* BaseViewController.swift */ = {isa = PBXFileReference; lastKnownFileType = sourcecode.swift; path = BaseViewController.swift; sourceTree = "<group>"; };
		522F87AF2904855700F99151 /* ExerciseTableViewCell.swift */ = {isa = PBXFileReference; lastKnownFileType = sourcecode.swift; path = ExerciseTableViewCell.swift; sourceTree = "<group>"; };
		522F87B02904855700F99151 /* ExerciseTableViewCell.xib */ = {isa = PBXFileReference; lastKnownFileType = file.xib; path = ExerciseTableViewCell.xib; sourceTree = "<group>"; };
		522F87B3290486BC00F99151 /* ExerciseCellInfo.swift */ = {isa = PBXFileReference; lastKnownFileType = sourcecode.swift; path = ExerciseCellInfo.swift; sourceTree = "<group>"; };
		522F87B529048E4D00F99151 /* UIEdgeInsets+Extension.swift */ = {isa = PBXFileReference; lastKnownFileType = sourcecode.swift; path = "UIEdgeInsets+Extension.swift"; sourceTree = "<group>"; };
		522F87BD2904A32F00F99151 /* GymBuddyTests.xctest */ = {isa = PBXFileReference; explicitFileType = wrapper.cfbundle; includeInIndex = 0; path = GymBuddyTests.xctest; sourceTree = BUILT_PRODUCTS_DIR; };
		522F87C72904A52300F99151 /* ListOfExercisesViewModelTests.swift */ = {isa = PBXFileReference; lastKnownFileType = sourcecode.swift; path = ListOfExercisesViewModelTests.swift; sourceTree = "<group>"; };
		522F87CC2904A5BA00F99151 /* ListOfExercisesUseCaseMock.swift */ = {isa = PBXFileReference; lastKnownFileType = sourcecode.swift; path = ListOfExercisesUseCaseMock.swift; sourceTree = "<group>"; };
		522F87CE2904AA7C00F99151 /* ExerciseDataMocks.swift */ = {isa = PBXFileReference; lastKnownFileType = sourcecode.swift; path = ExerciseDataMocks.swift; sourceTree = "<group>"; };
		522F87D12904B68200F99151 /* ExerciseRespositoryMock.swift */ = {isa = PBXFileReference; lastKnownFileType = sourcecode.swift; path = ExerciseRespositoryMock.swift; sourceTree = "<group>"; };
		522F87D42904B78F00F99151 /* ListOfExercisesUseCaseTests.swift */ = {isa = PBXFileReference; lastKnownFileType = sourcecode.swift; path = ListOfExercisesUseCaseTests.swift; sourceTree = "<group>"; };
		522F87D72904C42500F99151 /* ExerciseImageDTO.swift */ = {isa = PBXFileReference; lastKnownFileType = sourcecode.swift; path = ExerciseImageDTO.swift; sourceTree = "<group>"; };
		522F87D92904C44100F99151 /* ExerciseDetailsDTO.swift */ = {isa = PBXFileReference; lastKnownFileType = sourcecode.swift; path = ExerciseDetailsDTO.swift; sourceTree = "<group>"; };
		522F87DB2904C4BC00F99151 /* ExerciseDetails.swift */ = {isa = PBXFileReference; lastKnownFileType = sourcecode.swift; path = ExerciseDetails.swift; sourceTree = "<group>"; };
		522F87DF2904CFC700F99151 /* ExerciseDetailsUseCase.swift */ = {isa = PBXFileReference; lastKnownFileType = sourcecode.swift; path = ExerciseDetailsUseCase.swift; sourceTree = "<group>"; };
		522F87E42904D37900F99151 /* ExerciseDetailsView.swift */ = {isa = PBXFileReference; lastKnownFileType = sourcecode.swift; path = ExerciseDetailsView.swift; sourceTree = "<group>"; };
		522F87E62904D3A300F99151 /* ExerciseDetailsNavigator.swift */ = {isa = PBXFileReference; lastKnownFileType = sourcecode.swift; path = ExerciseDetailsNavigator.swift; sourceTree = "<group>"; };
		522F87E82904D4F000F99151 /* ExerciseDetailsViewModel.swift */ = {isa = PBXFileReference; lastKnownFileType = sourcecode.swift; path = ExerciseDetailsViewModel.swift; sourceTree = "<group>"; };
		5294CDB42905B8C6002F6F24 /* ImageView.swift */ = {isa = PBXFileReference; lastKnownFileType = sourcecode.swift; path = ImageView.swift; sourceTree = "<group>"; };
		5294CDB72905C497002F6F24 /* ExerciseImagesView.swift */ = {isa = PBXFileReference; lastKnownFileType = sourcecode.swift; path = ExerciseImagesView.swift; sourceTree = "<group>"; };
		5294CDB92905C4D0002F6F24 /* ExerciseImageItem.swift */ = {isa = PBXFileReference; lastKnownFileType = sourcecode.swift; path = ExerciseImageItem.swift; sourceTree = "<group>"; };
		5294CDBC2905CDDC002F6F24 /* ExerciseVariationsView.swift */ = {isa = PBXFileReference; lastKnownFileType = sourcecode.swift; path = ExerciseVariationsView.swift; sourceTree = "<group>"; };
		5294CDBE2905CE1E002F6F24 /* ExerciseVariationItem.swift */ = {isa = PBXFileReference; lastKnownFileType = sourcecode.swift; path = ExerciseVariationItem.swift; sourceTree = "<group>"; };
		5294CDC02905E1F8002F6F24 /* ExerciseDetailsUseCaseTests.swift */ = {isa = PBXFileReference; lastKnownFileType = sourcecode.swift; path = ExerciseDetailsUseCaseTests.swift; sourceTree = "<group>"; };
		5294CDC22905E3A0002F6F24 /* ExerciseDetailsUseCaseMock.swift */ = {isa = PBXFileReference; lastKnownFileType = sourcecode.swift; path = ExerciseDetailsUseCaseMock.swift; sourceTree = "<group>"; };
		5294CDC52905E43E002F6F24 /* ExerciseDetailsViewModelTests.swift */ = {isa = PBXFileReference; lastKnownFileType = sourcecode.swift; path = ExerciseDetailsViewModelTests.swift; sourceTree = "<group>"; };
		589458FCC3E3F41FA4ADAFD5 /* Pods-GymBuddyTests.release.xcconfig */ = {isa = PBXFileReference; includeInIndex = 1; lastKnownFileType = text.xcconfig; name = "Pods-GymBuddyTests.release.xcconfig"; path = "Target Support Files/Pods-GymBuddyTests/Pods-GymBuddyTests.release.xcconfig"; sourceTree = "<group>"; };
		A973126C3F0ED64776127DDC /* libPods-GymBuddy.a */ = {isa = PBXFileReference; explicitFileType = archive.ar; includeInIndex = 0; path = "libPods-GymBuddy.a"; sourceTree = BUILT_PRODUCTS_DIR; };
		CF9D0CE24C5AF89098C960EA /* libPods-GymBuddyTests.a */ = {isa = PBXFileReference; explicitFileType = archive.ar; includeInIndex = 0; path = "libPods-GymBuddyTests.a"; sourceTree = BUILT_PRODUCTS_DIR; };
		D72766AB888E874DBB356E22 /* Pods-GymBuddy.debug.xcconfig */ = {isa = PBXFileReference; includeInIndex = 1; lastKnownFileType = text.xcconfig; name = "Pods-GymBuddy.debug.xcconfig"; path = "Target Support Files/Pods-GymBuddy/Pods-GymBuddy.debug.xcconfig"; sourceTree = "<group>"; };
		FB1A760586FA50EA966795DF /* Pods-GymBuddy.release.xcconfig */ = {isa = PBXFileReference; includeInIndex = 1; lastKnownFileType = text.xcconfig; name = "Pods-GymBuddy.release.xcconfig"; path = "Target Support Files/Pods-GymBuddy/Pods-GymBuddy.release.xcconfig"; sourceTree = "<group>"; };
/* End PBXFileReference section */

/* Begin PBXFrameworksBuildPhase section */
		522D0FAD290188C600A52D85 /* Frameworks */ = {
			isa = PBXFrameworksBuildPhase;
			buildActionMask = 2147483647;
			files = (
				68600781D131C7FF99E1CCBE /* libPods-GymBuddy.a in Frameworks */,
			);
			runOnlyForDeploymentPostprocessing = 0;
		};
		522F87BA2904A32F00F99151 /* Frameworks */ = {
			isa = PBXFrameworksBuildPhase;
			buildActionMask = 2147483647;
			files = (
				02D3E176385AD16D6AC5D804 /* libPods-GymBuddyTests.a in Frameworks */,
			);
			runOnlyForDeploymentPostprocessing = 0;
		};
/* End PBXFrameworksBuildPhase section */

/* Begin PBXGroup section */
		211DE5E4FC612D508B494D75 /* Pods */ = {
			isa = PBXGroup;
			children = (
				D72766AB888E874DBB356E22 /* Pods-GymBuddy.debug.xcconfig */,
				FB1A760586FA50EA966795DF /* Pods-GymBuddy.release.xcconfig */,
				4F51962DAA5B27BA589F32B4 /* Pods-GymBuddyTests.debug.xcconfig */,
				589458FCC3E3F41FA4ADAFD5 /* Pods-GymBuddyTests.release.xcconfig */,
			);
			path = Pods;
			sourceTree = "<group>";
		};
		3ECFC5DF440294A66AE6DC40 /* Frameworks */ = {
			isa = PBXGroup;
			children = (
				A973126C3F0ED64776127DDC /* libPods-GymBuddy.a */,
				CF9D0CE24C5AF89098C960EA /* libPods-GymBuddyTests.a */,
			);
			name = Frameworks;
			sourceTree = "<group>";
		};
		522D0FA7290188C600A52D85 = {
			isa = PBXGroup;
			children = (
				522D0FB2290188C600A52D85 /* GymBuddy */,
				522F87BE2904A32F00F99151 /* GymBuddyTests */,
				522D0FB1290188C600A52D85 /* Products */,
				211DE5E4FC612D508B494D75 /* Pods */,
				3ECFC5DF440294A66AE6DC40 /* Frameworks */,
			);
			sourceTree = "<group>";
		};
		522D0FB1290188C600A52D85 /* Products */ = {
			isa = PBXGroup;
			children = (
				522D0FB0290188C600A52D85 /* GymBuddy.app */,
				522F87BD2904A32F00F99151 /* GymBuddyTests.xctest */,
			);
			name = Products;
			sourceTree = "<group>";
		};
		522D0FB2290188C600A52D85 /* GymBuddy */ = {
			isa = PBXGroup;
			children = (
				522D0FC829019EEA00A52D85 /* AppDelegate */,
				522F878F29037EA000F99151 /* BaseClasses */,
				522F87612901AD0300F99151 /* Domain */,
				522F875F2901ACED00F99151 /* Modules */,
				522F87602901ACF800F99151 /* Data */,
				522F87712901C7F200F99151 /* Utils */,
				522D0FC729019E9C00A52D85 /* Resources */,
				522D0FC1290188C800A52D85 /* Info.plist */,
			);
			path = GymBuddy;
			sourceTree = "<group>";
		};
		522D0FC729019E9C00A52D85 /* Resources */ = {
			isa = PBXGroup;
			children = (
				522D0FBC290188C800A52D85 /* Assets.xcassets */,
				522F87592901A15F00F99151 /* Colors.xcassets */,
				522F875D2901ACE100F99151 /* Localizable.strings */,
			);
			path = Resources;
			sourceTree = "<group>";
		};
		522D0FC829019EEA00A52D85 /* AppDelegate */ = {
			isa = PBXGroup;
			children = (
				522D0FB3290188C600A52D85 /* AppDelegate.swift */,
				522D0FB5290188C600A52D85 /* SceneDelegate.swift */,
				522D0FBE290188C800A52D85 /* LaunchScreen.storyboard */,
				522F87AA29038EB200F99151 /* ApplicationFlow.swift */,
			);
			path = AppDelegate;
			sourceTree = "<group>";
		};
		522F875F2901ACED00F99151 /* Modules */ = {
			isa = PBXGroup;
			children = (
				522F878C29037E2500F99151 /* ListOfExercises */,
				522F87D62904C0DE00F99151 /* ExerciseDetails */,
			);
			path = Modules;
			sourceTree = "<group>";
		};
		522F87602901ACF800F99151 /* Data */ = {
			isa = PBXGroup;
			children = (
				522F8782290355CE00F99151 /* Repositories */,
				522F87622901AD1200F99151 /* Network */,
			);
			path = Data;
			sourceTree = "<group>";
		};
		522F87612901AD0300F99151 /* Domain */ = {
			isa = PBXGroup;
			children = (
				522F877F290354F800F99151 /* Entities */,
				522F877E290354F200F99151 /* UseCases */,
			);
			path = Domain;
			sourceTree = "<group>";
		};
		522F87622901AD1200F99151 /* Network */ = {
			isa = PBXGroup;
			children = (
				522F877929032C1200F99151 /* DTOs */,
				522F87672901BFCF00F99151 /* RequesterProtocol */,
				522F87662901BFC800F99151 /* APIs */,
				522F87652901BF9E00F99151 /* Requests */,
				522F87632901AD4600F99151 /* HostService.swift */,
				522F876F2901C56000F99151 /* NetworkError.swift */,
			);
			path = Network;
			sourceTree = "<group>";
		};
		522F87652901BF9E00F99151 /* Requests */ = {
			isa = PBXGroup;
			children = (
				522F87692901C01300F99151 /* ExerciseRequest.swift */,
				522F876B2901C02000F99151 /* BaseRequest.swift */,
			);
			path = Requests;
			sourceTree = "<group>";
		};
		522F87662901BFC800F99151 /* APIs */ = {
			isa = PBXGroup;
			children = (
				522F876D2901C10B00F99151 /* BaseAPI.swift */,
				522F877529032BAE00F99151 /* ExerciseAPI.swift */,
			);
			path = APIs;
			sourceTree = "<group>";
		};
		522F87672901BFCF00F99151 /* RequesterProtocol */ = {
			isa = PBXGroup;
			children = (
				522F877729032BE200F99151 /* ExerciseRequester.swift */,
			);
			path = RequesterProtocol;
			sourceTree = "<group>";
		};
		522F87712901C7F200F99151 /* Utils */ = {
			isa = PBXGroup;
			children = (
				522F87A4290386C400F99151 /* Views */,
				522F87722901C80000F99151 /* Extensions */,
				522F877C2903424E00F99151 /* Globals.swift */,
			);
			path = Utils;
			sourceTree = "<group>";
		};
		522F87722901C80000F99151 /* Extensions */ = {
			isa = PBXGroup;
			children = (
				522F87732901C81200F99151 /* String+Extension.swift */,
				522F878D29037E7400F99151 /* UIStoryboard+Extension.swift */,
				522F879229037F0D00F99151 /* UITableView+Extension.swift */,
				522F879429037F2C00F99151 /* UITableViewCell+Extension.swift */,
				522F879629037F7600F99151 /* UIView+Extension.swift */,
				522F87982903801300F99151 /* UIViewController+Extension.swift */,
				522F879A290380B400F99151 /* UIColor+Extension.swift */,
				522F879C2903816400F99151 /* UIImage+Extension.swift */,
				522F87B529048E4D00F99151 /* UIEdgeInsets+Extension.swift */,
			);
			path = Extensions;
			sourceTree = "<group>";
		};
		522F877929032C1200F99151 /* DTOs */ = {
			isa = PBXGroup;
			children = (
				522F877A29032D3E00F99151 /* ExerciseDTO.swift */,
				522F87D92904C44100F99151 /* ExerciseDetailsDTO.swift */,
				522F87D72904C42500F99151 /* ExerciseImageDTO.swift */,
			);
			path = DTOs;
			sourceTree = "<group>";
		};
		522F877E290354F200F99151 /* UseCases */ = {
			isa = PBXGroup;
			children = (
				522F8785290357D000F99151 /* ListOfExercisesUseCase.swift */,
				522F87DF2904CFC700F99151 /* ExerciseDetailsUseCase.swift */,
			);
			path = UseCases;
			sourceTree = "<group>";
		};
		522F877F290354F800F99151 /* Entities */ = {
			isa = PBXGroup;
			children = (
				522F87802903550200F99151 /* Exercise.swift */,
				522F87DB2904C4BC00F99151 /* ExerciseDetails.swift */,
				522F878A290359DB00F99151 /* AppError.swift */,
			);
			path = Entities;
			sourceTree = "<group>";
		};
		522F8782290355CE00F99151 /* Repositories */ = {
			isa = PBXGroup;
			children = (
				522F8783290355DD00F99151 /* ExerciseRespository.swift */,
			);
			path = Repositories;
			sourceTree = "<group>";
		};
		522F878C29037E2500F99151 /* ListOfExercises */ = {
			isa = PBXGroup;
			children = (
				522F87A0290383C100F99151 /* View */,
				522F87A1290383C700F99151 /* ViewModel */,
				522F87A729038DB800F99151 /* Navigator */,
			);
			path = ListOfExercises;
			sourceTree = "<group>";
		};
		522F878F29037EA000F99151 /* BaseClasses */ = {
			isa = PBXGroup;
			children = (
				522F879029037EC800F99151 /* StoryboardInstantiable.swift */,
				522F87A22903868200F99151 /* BaseViewModel.swift */,
				522F87AC29039DFB00F99151 /* BaseViewController.swift */,
			);
			path = BaseClasses;
			sourceTree = "<group>";
		};
		522F87A0290383C100F99151 /* View */ = {
			isa = PBXGroup;
			children = (
				522F87AE2904852E00F99151 /* ExerciseTableViewCell */,
				522D0FB7290188C600A52D85 /* ListOfExercisesViewController.swift */,
				522D0FB9290188C600A52D85 /* ListOfExercises.storyboard */,
			);
			path = View;
			sourceTree = "<group>";
		};
		522F87A1290383C700F99151 /* ViewModel */ = {
			isa = PBXGroup;
			children = (
				522F879E290383BC00F99151 /* ListOfExercisesViewModel.swift */,
			);
			path = ViewModel;
			sourceTree = "<group>";
		};
		522F87A4290386C400F99151 /* Views */ = {
			isa = PBXGroup;
			children = (
				522F87A5290386D700F99151 /* LoadingView.swift */,
				5294CDB42905B8C6002F6F24 /* ImageView.swift */,
			);
			path = Views;
			sourceTree = "<group>";
		};
		522F87A729038DB800F99151 /* Navigator */ = {
			isa = PBXGroup;
			children = (
				522F87A829038DD700F99151 /* ListOfExercisesNavigator.swift */,
			);
			path = Navigator;
			sourceTree = "<group>";
		};
		522F87AE2904852E00F99151 /* ExerciseTableViewCell */ = {
			isa = PBXGroup;
			children = (
				522F87AF2904855700F99151 /* ExerciseTableViewCell.swift */,
				522F87B02904855700F99151 /* ExerciseTableViewCell.xib */,
				522F87B3290486BC00F99151 /* ExerciseCellInfo.swift */,
			);
			path = ExerciseTableViewCell;
			sourceTree = "<group>";
		};
		522F87BE2904A32F00F99151 /* GymBuddyTests */ = {
			isa = PBXGroup;
			children = (
				522F87C92904A57900F99151 /* Mocks */,
				522F87D32904B77600F99151 /* UseCasesTests */,
				522F87C62904A50900F99151 /* ListOfExercisesTests */,
				5294CDC42905E430002F6F24 /* ExerciseDetailsTests */,
			);
			path = GymBuddyTests;
			sourceTree = "<group>";
		};
		522F87C62904A50900F99151 /* ListOfExercisesTests */ = {
			isa = PBXGroup;
			children = (
				522F87C72904A52300F99151 /* ListOfExercisesViewModelTests.swift */,
			);
			path = ListOfExercisesTests;
			sourceTree = "<group>";
		};
		522F87C92904A57900F99151 /* Mocks */ = {
			isa = PBXGroup;
			children = (
				522F87D02904B67900F99151 /* Repositories */,
				522F87CB2904A58D00F99151 /* UseCases */,
				522F87CA2904A58000F99151 /* Entities */,
			);
			path = Mocks;
			sourceTree = "<group>";
		};
		522F87CA2904A58000F99151 /* Entities */ = {
			isa = PBXGroup;
			children = (
				522F87CE2904AA7C00F99151 /* ExerciseDataMocks.swift */,
			);
			path = Entities;
			sourceTree = "<group>";
		};
		522F87CB2904A58D00F99151 /* UseCases */ = {
			isa = PBXGroup;
			children = (
				522F87CC2904A5BA00F99151 /* ListOfExercisesUseCaseMock.swift */,
				5294CDC22905E3A0002F6F24 /* ExerciseDetailsUseCaseMock.swift */,
			);
			path = UseCases;
			sourceTree = "<group>";
		};
		522F87D02904B67900F99151 /* Repositories */ = {
			isa = PBXGroup;
			children = (
				522F87D12904B68200F99151 /* ExerciseRespositoryMock.swift */,
			);
			path = Repositories;
			sourceTree = "<group>";
		};
		522F87D32904B77600F99151 /* UseCasesTests */ = {
			isa = PBXGroup;
			children = (
				522F87D42904B78F00F99151 /* ListOfExercisesUseCaseTests.swift */,
				5294CDC02905E1F8002F6F24 /* ExerciseDetailsUseCaseTests.swift */,
			);
			path = UseCasesTests;
			sourceTree = "<group>";
		};
		522F87D62904C0DE00F99151 /* ExerciseDetails */ = {
			isa = PBXGroup;
			children = (
				522F87E12904D35000F99151 /* View */,
				522F87E22904D35300F99151 /* ViewModel */,
				522F87E32904D35800F99151 /* Navigator */,
			);
			path = ExerciseDetails;
			sourceTree = "<group>";
		};
		522F87E12904D35000F99151 /* View */ = {
			isa = PBXGroup;
			children = (
				5294CDB62905C491002F6F24 /* ExerciseImagesView */,
				5294CDBB2905C5FD002F6F24 /* ExerciseVariationsView */,
				522F87E42904D37900F99151 /* ExerciseDetailsView.swift */,
			);
			path = View;
			sourceTree = "<group>";
		};
		522F87E22904D35300F99151 /* ViewModel */ = {
			isa = PBXGroup;
			children = (
				522F87E82904D4F000F99151 /* ExerciseDetailsViewModel.swift */,
			);
			path = ViewModel;
			sourceTree = "<group>";
		};
		522F87E32904D35800F99151 /* Navigator */ = {
			isa = PBXGroup;
			children = (
				522F87E62904D3A300F99151 /* ExerciseDetailsNavigator.swift */,
			);
			path = Navigator;
			sourceTree = "<group>";
		};
		5294CDB62905C491002F6F24 /* ExerciseImagesView */ = {
			isa = PBXGroup;
			children = (
				5294CDB72905C497002F6F24 /* ExerciseImagesView.swift */,
				5294CDB92905C4D0002F6F24 /* ExerciseImageItem.swift */,
			);
			path = ExerciseImagesView;
			sourceTree = "<group>";
		};
		5294CDBB2905C5FD002F6F24 /* ExerciseVariationsView */ = {
			isa = PBXGroup;
			children = (
				5294CDBC2905CDDC002F6F24 /* ExerciseVariationsView.swift */,
				5294CDBE2905CE1E002F6F24 /* ExerciseVariationItem.swift */,
			);
			path = ExerciseVariationsView;
			sourceTree = "<group>";
		};
		5294CDC42905E430002F6F24 /* ExerciseDetailsTests */ = {
			isa = PBXGroup;
			children = (
				5294CDC52905E43E002F6F24 /* ExerciseDetailsViewModelTests.swift */,
			);
			path = ExerciseDetailsTests;
			sourceTree = "<group>";
		};
/* End PBXGroup section */

/* Begin PBXNativeTarget section */
		522D0FAF290188C600A52D85 /* GymBuddy */ = {
			isa = PBXNativeTarget;
			buildConfigurationList = 522D0FC4290188C800A52D85 /* Build configuration list for PBXNativeTarget "GymBuddy" */;
			buildPhases = (
				3E7A847E140B3271C067A3B6 /* [CP] Check Pods Manifest.lock */,
				522D0FAC290188C600A52D85 /* Sources */,
				522D0FAD290188C600A52D85 /* Frameworks */,
				522D0FAE290188C600A52D85 /* Resources */,
			);
			buildRules = (
			);
			dependencies = (
			);
			name = GymBuddy;
			productName = GymBuddy;
			productReference = 522D0FB0290188C600A52D85 /* GymBuddy.app */;
			productType = "com.apple.product-type.application";
		};
		522F87BC2904A32F00F99151 /* GymBuddyTests */ = {
			isa = PBXNativeTarget;
			buildConfigurationList = 522F87C32904A32F00F99151 /* Build configuration list for PBXNativeTarget "GymBuddyTests" */;
			buildPhases = (
				764E72737C0B92412E7BB655 /* [CP] Check Pods Manifest.lock */,
				522F87B92904A32F00F99151 /* Sources */,
				522F87BA2904A32F00F99151 /* Frameworks */,
				522F87BB2904A32F00F99151 /* Resources */,
			);
			buildRules = (
			);
			dependencies = (
				522F87C22904A32F00F99151 /* PBXTargetDependency */,
			);
			name = GymBuddyTests;
			productName = GymBuddyTests;
			productReference = 522F87BD2904A32F00F99151 /* GymBuddyTests.xctest */;
			productType = "com.apple.product-type.bundle.unit-test";
		};
/* End PBXNativeTarget section */

/* Begin PBXProject section */
		522D0FA8290188C600A52D85 /* Project object */ = {
			isa = PBXProject;
			attributes = {
				BuildIndependentTargetsInParallel = 1;
				LastSwiftUpdateCheck = 1400;
				LastUpgradeCheck = 1400;
				TargetAttributes = {
					522D0FAF290188C600A52D85 = {
						CreatedOnToolsVersion = 14.0.1;
					};
					522F87BC2904A32F00F99151 = {
						CreatedOnToolsVersion = 14.0.1;
						TestTargetID = 522D0FAF290188C600A52D85;
					};
				};
			};
			buildConfigurationList = 522D0FAB290188C600A52D85 /* Build configuration list for PBXProject "GymBuddy" */;
			compatibilityVersion = "Xcode 14.0";
			developmentRegion = en;
			hasScannedForEncodings = 0;
			knownRegions = (
				en,
				Base,
			);
			mainGroup = 522D0FA7290188C600A52D85;
			productRefGroup = 522D0FB1290188C600A52D85 /* Products */;
			projectDirPath = "";
			projectRoot = "";
			targets = (
				522D0FAF290188C600A52D85 /* GymBuddy */,
				522F87BC2904A32F00F99151 /* GymBuddyTests */,
			);
		};
/* End PBXProject section */

/* Begin PBXResourcesBuildPhase section */
		522D0FAE290188C600A52D85 /* Resources */ = {
			isa = PBXResourcesBuildPhase;
			buildActionMask = 2147483647;
			files = (
				522F875E2901ACE100F99151 /* Localizable.strings in Resources */,
				522D0FC0290188C800A52D85 /* LaunchScreen.storyboard in Resources */,
				522F875A2901A15F00F99151 /* Colors.xcassets in Resources */,
				522F87B22904855700F99151 /* ExerciseTableViewCell.xib in Resources */,
				522D0FBD290188C800A52D85 /* Assets.xcassets in Resources */,
				522D0FBB290188C600A52D85 /* ListOfExercises.storyboard in Resources */,
			);
			runOnlyForDeploymentPostprocessing = 0;
		};
		522F87BB2904A32F00F99151 /* Resources */ = {
			isa = PBXResourcesBuildPhase;
			buildActionMask = 2147483647;
			files = (
			);
			runOnlyForDeploymentPostprocessing = 0;
		};
/* End PBXResourcesBuildPhase section */

/* Begin PBXShellScriptBuildPhase section */
		3E7A847E140B3271C067A3B6 /* [CP] Check Pods Manifest.lock */ = {
			isa = PBXShellScriptBuildPhase;
			buildActionMask = 2147483647;
			files = (
			);
			inputFileListPaths = (
			);
			inputPaths = (
				"${PODS_PODFILE_DIR_PATH}/Podfile.lock",
				"${PODS_ROOT}/Manifest.lock",
			);
			name = "[CP] Check Pods Manifest.lock";
			outputFileListPaths = (
			);
			outputPaths = (
				"$(DERIVED_FILE_DIR)/Pods-GymBuddy-checkManifestLockResult.txt",
			);
			runOnlyForDeploymentPostprocessing = 0;
			shellPath = /bin/sh;
			shellScript = "diff \"${PODS_PODFILE_DIR_PATH}/Podfile.lock\" \"${PODS_ROOT}/Manifest.lock\" > /dev/null\nif [ $? != 0 ] ; then\n    # print error to STDERR\n    echo \"error: The sandbox is not in sync with the Podfile.lock. Run 'pod install' or update your CocoaPods installation.\" >&2\n    exit 1\nfi\n# This output is used by Xcode 'outputs' to avoid re-running this script phase.\necho \"SUCCESS\" > \"${SCRIPT_OUTPUT_FILE_0}\"\n";
			showEnvVarsInLog = 0;
		};
		764E72737C0B92412E7BB655 /* [CP] Check Pods Manifest.lock */ = {
			isa = PBXShellScriptBuildPhase;
			buildActionMask = 2147483647;
			files = (
			);
			inputFileListPaths = (
			);
			inputPaths = (
				"${PODS_PODFILE_DIR_PATH}/Podfile.lock",
				"${PODS_ROOT}/Manifest.lock",
			);
			name = "[CP] Check Pods Manifest.lock";
			outputFileListPaths = (
			);
			outputPaths = (
				"$(DERIVED_FILE_DIR)/Pods-GymBuddyTests-checkManifestLockResult.txt",
			);
			runOnlyForDeploymentPostprocessing = 0;
			shellPath = /bin/sh;
			shellScript = "diff \"${PODS_PODFILE_DIR_PATH}/Podfile.lock\" \"${PODS_ROOT}/Manifest.lock\" > /dev/null\nif [ $? != 0 ] ; then\n    # print error to STDERR\n    echo \"error: The sandbox is not in sync with the Podfile.lock. Run 'pod install' or update your CocoaPods installation.\" >&2\n    exit 1\nfi\n# This output is used by Xcode 'outputs' to avoid re-running this script phase.\necho \"SUCCESS\" > \"${SCRIPT_OUTPUT_FILE_0}\"\n";
			showEnvVarsInLog = 0;
		};
/* End PBXShellScriptBuildPhase section */

/* Begin PBXSourcesBuildPhase section */
		522D0FAC290188C600A52D85 /* Sources */ = {
			isa = PBXSourcesBuildPhase;
			buildActionMask = 2147483647;
			files = (
				522F879729037F7600F99151 /* UIView+Extension.swift in Sources */,
				522F877829032BE200F99151 /* ExerciseRequester.swift in Sources */,
				522F87E72904D3A300F99151 /* ExerciseDetailsNavigator.swift in Sources */,
				522F87B629048E4D00F99151 /* UIEdgeInsets+Extension.swift in Sources */,
				522F87B4290486BC00F99151 /* ExerciseCellInfo.swift in Sources */,
				522D0FB8290188C600A52D85 /* ListOfExercisesViewController.swift in Sources */,
				522F87742901C81200F99151 /* String+Extension.swift in Sources */,
				522F87AD29039DFB00F99151 /* BaseViewController.swift in Sources */,
				5294CDBA2905C4D0002F6F24 /* ExerciseImageItem.swift in Sources */,
				522F877629032BAE00F99151 /* ExerciseAPI.swift in Sources */,
				522F87A6290386D700F99151 /* LoadingView.swift in Sources */,
				5294CDB82905C497002F6F24 /* ExerciseImagesView.swift in Sources */,
				522F87A32903868200F99151 /* BaseViewModel.swift in Sources */,
				5294CDBD2905CDDC002F6F24 /* ExerciseVariationsView.swift in Sources */,
				522D0FB4290188C600A52D85 /* AppDelegate.swift in Sources */,
				5294CDB52905B8C6002F6F24 /* ImageView.swift in Sources */,
				522F878B290359DB00F99151 /* AppError.swift in Sources */,
				522F87DC2904C4BC00F99151 /* ExerciseDetails.swift in Sources */,
				522F87992903801300F99151 /* UIViewController+Extension.swift in Sources */,
				522F8784290355DD00F99151 /* ExerciseRespository.swift in Sources */,
				522F879529037F2C00F99151 /* UITableViewCell+Extension.swift in Sources */,
				522F879329037F0D00F99151 /* UITableView+Extension.swift in Sources */,
				522F87812903550200F99151 /* Exercise.swift in Sources */,
				522F879129037EC800F99151 /* StoryboardInstantiable.swift in Sources */,
				522F87A929038DD700F99151 /* ListOfExercisesNavigator.swift in Sources */,
				522F87B12904855700F99151 /* ExerciseTableViewCell.swift in Sources */,
				522F878E29037E7400F99151 /* UIStoryboard+Extension.swift in Sources */,
				522F876C2901C02000F99151 /* BaseRequest.swift in Sources */,
				522F87E52904D37900F99151 /* ExerciseDetailsView.swift in Sources */,
				522F879F290383BC00F99151 /* ListOfExercisesViewModel.swift in Sources */,
				522F879B290380B400F99151 /* UIColor+Extension.swift in Sources */,
				522F87D82904C42500F99151 /* ExerciseImageDTO.swift in Sources */,
				522F877D2903424E00F99151 /* Globals.swift in Sources */,
				522F879D2903816400F99151 /* UIImage+Extension.swift in Sources */,
				522F87AB29038EB200F99151 /* ApplicationFlow.swift in Sources */,
				522D0FB6290188C600A52D85 /* SceneDelegate.swift in Sources */,
				522F876A2901C01300F99151 /* ExerciseRequest.swift in Sources */,
				522F87702901C56000F99151 /* NetworkError.swift in Sources */,
				5294CDBF2905CE1E002F6F24 /* ExerciseVariationItem.swift in Sources */,
				522F87E92904D4F000F99151 /* ExerciseDetailsViewModel.swift in Sources */,
				522F8786290357D000F99151 /* ListOfExercisesUseCase.swift in Sources */,
				522F87DA2904C44100F99151 /* ExerciseDetailsDTO.swift in Sources */,
				522F87E02904CFC700F99151 /* ExerciseDetailsUseCase.swift in Sources */,
				522F87642901AD4600F99151 /* HostService.swift in Sources */,
				522F876E2901C10B00F99151 /* BaseAPI.swift in Sources */,
				522F877B29032D3E00F99151 /* ExerciseDTO.swift in Sources */,
			);
			runOnlyForDeploymentPostprocessing = 0;
		};
		522F87B92904A32F00F99151 /* Sources */ = {
			isa = PBXSourcesBuildPhase;
			buildActionMask = 2147483647;
			files = (
				522F87D22904B68200F99151 /* ExerciseRespositoryMock.swift in Sources */,
				5294CDC32905E3A0002F6F24 /* ExerciseDetailsUseCaseMock.swift in Sources */,
				522F87CD2904A5BA00F99151 /* ListOfExercisesUseCaseMock.swift in Sources */,
				5294CDC62905E43E002F6F24 /* ExerciseDetailsViewModelTests.swift in Sources */,
				5294CDC12905E1F8002F6F24 /* ExerciseDetailsUseCaseTests.swift in Sources */,
				522F87CF2904AA7C00F99151 /* ExerciseDataMocks.swift in Sources */,
				522F87D52904B78F00F99151 /* ListOfExercisesUseCaseTests.swift in Sources */,
				522F87C82904A52300F99151 /* ListOfExercisesViewModelTests.swift in Sources */,
			);
			runOnlyForDeploymentPostprocessing = 0;
		};
/* End PBXSourcesBuildPhase section */

/* Begin PBXTargetDependency section */
		522F87C22904A32F00F99151 /* PBXTargetDependency */ = {
			isa = PBXTargetDependency;
			target = 522D0FAF290188C600A52D85 /* GymBuddy */;
			targetProxy = 522F87C12904A32F00F99151 /* PBXContainerItemProxy */;
		};
/* End PBXTargetDependency section */

/* Begin PBXVariantGroup section */
		522D0FB9290188C600A52D85 /* ListOfExercises.storyboard */ = {
			isa = PBXVariantGroup;
			children = (
				522D0FBA290188C600A52D85 /* Base */,
			);
			name = ListOfExercises.storyboard;
			sourceTree = "<group>";
		};
		522D0FBE290188C800A52D85 /* LaunchScreen.storyboard */ = {
			isa = PBXVariantGroup;
			children = (
				522D0FBF290188C800A52D85 /* Base */,
			);
			name = LaunchScreen.storyboard;
			sourceTree = "<group>";
		};
/* End PBXVariantGroup section */

/* Begin XCBuildConfiguration section */
		522D0FC2290188C800A52D85 /* Debug */ = {
			isa = XCBuildConfiguration;
			buildSettings = {
				ALWAYS_SEARCH_USER_PATHS = NO;
				CLANG_ANALYZER_NONNULL = YES;
				CLANG_ANALYZER_NUMBER_OBJECT_CONVERSION = YES_AGGRESSIVE;
				CLANG_CXX_LANGUAGE_STANDARD = "gnu++20";
				CLANG_ENABLE_MODULES = YES;
				CLANG_ENABLE_OBJC_ARC = YES;
				CLANG_ENABLE_OBJC_WEAK = YES;
				CLANG_WARN_BLOCK_CAPTURE_AUTORELEASING = YES;
				CLANG_WARN_BOOL_CONVERSION = YES;
				CLANG_WARN_COMMA = YES;
				CLANG_WARN_CONSTANT_CONVERSION = YES;
				CLANG_WARN_DEPRECATED_OBJC_IMPLEMENTATIONS = YES;
				CLANG_WARN_DIRECT_OBJC_ISA_USAGE = YES_ERROR;
				CLANG_WARN_DOCUMENTATION_COMMENTS = YES;
				CLANG_WARN_EMPTY_BODY = YES;
				CLANG_WARN_ENUM_CONVERSION = YES;
				CLANG_WARN_INFINITE_RECURSION = YES;
				CLANG_WARN_INT_CONVERSION = YES;
				CLANG_WARN_NON_LITERAL_NULL_CONVERSION = YES;
				CLANG_WARN_OBJC_IMPLICIT_RETAIN_SELF = YES;
				CLANG_WARN_OBJC_LITERAL_CONVERSION = YES;
				CLANG_WARN_OBJC_ROOT_CLASS = YES_ERROR;
				CLANG_WARN_QUOTED_INCLUDE_IN_FRAMEWORK_HEADER = YES;
				CLANG_WARN_RANGE_LOOP_ANALYSIS = YES;
				CLANG_WARN_STRICT_PROTOTYPES = YES;
				CLANG_WARN_SUSPICIOUS_MOVE = YES;
				CLANG_WARN_UNGUARDED_AVAILABILITY = YES_AGGRESSIVE;
				CLANG_WARN_UNREACHABLE_CODE = YES;
				CLANG_WARN__DUPLICATE_METHOD_MATCH = YES;
				COPY_PHASE_STRIP = NO;
				DEBUG_INFORMATION_FORMAT = dwarf;
				ENABLE_STRICT_OBJC_MSGSEND = YES;
				ENABLE_TESTABILITY = YES;
				GCC_C_LANGUAGE_STANDARD = gnu11;
				GCC_DYNAMIC_NO_PIC = NO;
				GCC_NO_COMMON_BLOCKS = YES;
				GCC_OPTIMIZATION_LEVEL = 0;
				GCC_PREPROCESSOR_DEFINITIONS = (
					"DEBUG=1",
					"$(inherited)",
				);
				GCC_WARN_64_TO_32_BIT_CONVERSION = YES;
				GCC_WARN_ABOUT_RETURN_TYPE = YES_ERROR;
				GCC_WARN_UNDECLARED_SELECTOR = YES;
				GCC_WARN_UNINITIALIZED_AUTOS = YES_AGGRESSIVE;
				GCC_WARN_UNUSED_FUNCTION = YES;
				GCC_WARN_UNUSED_VARIABLE = YES;
				IPHONEOS_DEPLOYMENT_TARGET = 14.0;
				MTL_ENABLE_DEBUG_INFO = INCLUDE_SOURCE;
				MTL_FAST_MATH = YES;
				ONLY_ACTIVE_ARCH = YES;
				SDKROOT = iphoneos;
				SWIFT_ACTIVE_COMPILATION_CONDITIONS = DEBUG;
				SWIFT_OPTIMIZATION_LEVEL = "-Onone";
			};
			name = Debug;
		};
		522D0FC3290188C800A52D85 /* Release */ = {
			isa = XCBuildConfiguration;
			buildSettings = {
				ALWAYS_SEARCH_USER_PATHS = NO;
				CLANG_ANALYZER_NONNULL = YES;
				CLANG_ANALYZER_NUMBER_OBJECT_CONVERSION = YES_AGGRESSIVE;
				CLANG_CXX_LANGUAGE_STANDARD = "gnu++20";
				CLANG_ENABLE_MODULES = YES;
				CLANG_ENABLE_OBJC_ARC = YES;
				CLANG_ENABLE_OBJC_WEAK = YES;
				CLANG_WARN_BLOCK_CAPTURE_AUTORELEASING = YES;
				CLANG_WARN_BOOL_CONVERSION = YES;
				CLANG_WARN_COMMA = YES;
				CLANG_WARN_CONSTANT_CONVERSION = YES;
				CLANG_WARN_DEPRECATED_OBJC_IMPLEMENTATIONS = YES;
				CLANG_WARN_DIRECT_OBJC_ISA_USAGE = YES_ERROR;
				CLANG_WARN_DOCUMENTATION_COMMENTS = YES;
				CLANG_WARN_EMPTY_BODY = YES;
				CLANG_WARN_ENUM_CONVERSION = YES;
				CLANG_WARN_INFINITE_RECURSION = YES;
				CLANG_WARN_INT_CONVERSION = YES;
				CLANG_WARN_NON_LITERAL_NULL_CONVERSION = YES;
				CLANG_WARN_OBJC_IMPLICIT_RETAIN_SELF = YES;
				CLANG_WARN_OBJC_LITERAL_CONVERSION = YES;
				CLANG_WARN_OBJC_ROOT_CLASS = YES_ERROR;
				CLANG_WARN_QUOTED_INCLUDE_IN_FRAMEWORK_HEADER = YES;
				CLANG_WARN_RANGE_LOOP_ANALYSIS = YES;
				CLANG_WARN_STRICT_PROTOTYPES = YES;
				CLANG_WARN_SUSPICIOUS_MOVE = YES;
				CLANG_WARN_UNGUARDED_AVAILABILITY = YES_AGGRESSIVE;
				CLANG_WARN_UNREACHABLE_CODE = YES;
				CLANG_WARN__DUPLICATE_METHOD_MATCH = YES;
				COPY_PHASE_STRIP = NO;
				DEBUG_INFORMATION_FORMAT = "dwarf-with-dsym";
				ENABLE_NS_ASSERTIONS = NO;
				ENABLE_STRICT_OBJC_MSGSEND = YES;
				GCC_C_LANGUAGE_STANDARD = gnu11;
				GCC_NO_COMMON_BLOCKS = YES;
				GCC_WARN_64_TO_32_BIT_CONVERSION = YES;
				GCC_WARN_ABOUT_RETURN_TYPE = YES_ERROR;
				GCC_WARN_UNDECLARED_SELECTOR = YES;
				GCC_WARN_UNINITIALIZED_AUTOS = YES_AGGRESSIVE;
				GCC_WARN_UNUSED_FUNCTION = YES;
				GCC_WARN_UNUSED_VARIABLE = YES;
				IPHONEOS_DEPLOYMENT_TARGET = 14.0;
				MTL_ENABLE_DEBUG_INFO = NO;
				MTL_FAST_MATH = YES;
				SDKROOT = iphoneos;
				SWIFT_COMPILATION_MODE = wholemodule;
				SWIFT_OPTIMIZATION_LEVEL = "-O";
				VALIDATE_PRODUCT = YES;
			};
			name = Release;
		};
		522D0FC5290188C800A52D85 /* Debug */ = {
			isa = XCBuildConfiguration;
			baseConfigurationReference = D72766AB888E874DBB356E22 /* Pods-GymBuddy.debug.xcconfig */;
			buildSettings = {
				ASSETCATALOG_COMPILER_APPICON_NAME = AppIcon;
				ASSETCATALOG_COMPILER_GLOBAL_ACCENT_COLOR_NAME = AccentColor;
				CODE_SIGN_STYLE = Automatic;
				CURRENT_PROJECT_VERSION = 1;
				DEVELOPMENT_TEAM = 52W72N842G;
				GENERATE_INFOPLIST_FILE = YES;
				INFOPLIST_FILE = GymBuddy/Info.plist;
				INFOPLIST_KEY_UIApplicationSupportsIndirectInputEvents = YES;
				INFOPLIST_KEY_UILaunchStoryboardName = LaunchScreen.storyboard;
				INFOPLIST_KEY_UIMainStoryboardFile = "";
				INFOPLIST_KEY_UISupportedInterfaceOrientations = UIInterfaceOrientationPortrait;
				INFOPLIST_KEY_UISupportedInterfaceOrientations_iPad = "UIInterfaceOrientationLandscapeLeft UIInterfaceOrientationLandscapeRight UIInterfaceOrientationPortrait UIInterfaceOrientationPortraitUpsideDown";
				IPHONEOS_DEPLOYMENT_TARGET = 14.0;
				LD_RUNPATH_SEARCH_PATHS = (
					"$(inherited)",
					"@executable_path/Frameworks",
				);
				MARKETING_VERSION = 1.0;
				PRODUCT_BUNDLE_IDENTIFIER = com.samir01.GymBuddy;
				PRODUCT_NAME = "$(TARGET_NAME)";
				SUPPORTED_PLATFORMS = "iphoneos iphonesimulator";
				SUPPORTS_MACCATALYST = NO;
				SUPPORTS_MAC_DESIGNED_FOR_IPHONE_IPAD = NO;
				SWIFT_EMIT_LOC_STRINGS = YES;
				SWIFT_VERSION = 5.0;
				TARGETED_DEVICE_FAMILY = 1;
			};
			name = Debug;
		};
		522D0FC6290188C800A52D85 /* Release */ = {
			isa = XCBuildConfiguration;
			baseConfigurationReference = FB1A760586FA50EA966795DF /* Pods-GymBuddy.release.xcconfig */;
			buildSettings = {
				ASSETCATALOG_COMPILER_APPICON_NAME = AppIcon;
				ASSETCATALOG_COMPILER_GLOBAL_ACCENT_COLOR_NAME = AccentColor;
				CODE_SIGN_STYLE = Automatic;
				CURRENT_PROJECT_VERSION = 1;
				DEVELOPMENT_TEAM = 52W72N842G;
				GENERATE_INFOPLIST_FILE = YES;
				INFOPLIST_FILE = GymBuddy/Info.plist;
				INFOPLIST_KEY_UIApplicationSupportsIndirectInputEvents = YES;
				INFOPLIST_KEY_UILaunchStoryboardName = LaunchScreen.storyboard;
				INFOPLIST_KEY_UIMainStoryboardFile = "";
				INFOPLIST_KEY_UISupportedInterfaceOrientations = UIInterfaceOrientationPortrait;
				INFOPLIST_KEY_UISupportedInterfaceOrientations_iPad = "UIInterfaceOrientationLandscapeLeft UIInterfaceOrientationLandscapeRight UIInterfaceOrientationPortrait UIInterfaceOrientationPortraitUpsideDown";
				IPHONEOS_DEPLOYMENT_TARGET = 14.0;
				LD_RUNPATH_SEARCH_PATHS = (
					"$(inherited)",
					"@executable_path/Frameworks",
				);
				MARKETING_VERSION = 1.0;
				PRODUCT_BUNDLE_IDENTIFIER = com.samir01.GymBuddy;
				PRODUCT_NAME = "$(TARGET_NAME)";
				SUPPORTED_PLATFORMS = "iphoneos iphonesimulator";
				SUPPORTS_MACCATALYST = NO;
				SUPPORTS_MAC_DESIGNED_FOR_IPHONE_IPAD = NO;
				SWIFT_EMIT_LOC_STRINGS = YES;
				SWIFT_VERSION = 5.0;
				TARGETED_DEVICE_FAMILY = 1;
			};
			name = Release;
		};
		522F87C42904A32F00F99151 /* Debug */ = {
			isa = XCBuildConfiguration;
			baseConfigurationReference = 4F51962DAA5B27BA589F32B4 /* Pods-GymBuddyTests.debug.xcconfig */;
			buildSettings = {
				BUNDLE_LOADER = "$(TEST_HOST)";
				CODE_SIGN_STYLE = Automatic;
				CURRENT_PROJECT_VERSION = 1;
				DEVELOPMENT_TEAM = 52W72N842G;
				GENERATE_INFOPLIST_FILE = YES;
				IPHONEOS_DEPLOYMENT_TARGET = 14.0;
				MARKETING_VERSION = 1.0;
				PRODUCT_BUNDLE_IDENTIFIER = com.samir01.GymBuddyTests;
				PRODUCT_NAME = "$(TARGET_NAME)";
				SUPPORTED_PLATFORMS = "iphoneos iphonesimulator";
				SUPPORTS_MACCATALYST = NO;
				SUPPORTS_MAC_DESIGNED_FOR_IPHONE_IPAD = NO;
				SWIFT_EMIT_LOC_STRINGS = NO;
				SWIFT_VERSION = 5.0;
				TARGETED_DEVICE_FAMILY = 1;
				TEST_HOST = "$(BUILT_PRODUCTS_DIR)/GymBuddy.app/$(BUNDLE_EXECUTABLE_FOLDER_PATH)/GymBuddy";
			};
			name = Debug;
		};
		522F87C52904A32F00F99151 /* Release */ = {
			isa = XCBuildConfiguration;
			baseConfigurationReference = 589458FCC3E3F41FA4ADAFD5 /* Pods-GymBuddyTests.release.xcconfig */;
			buildSettings = {
				BUNDLE_LOADER = "$(TEST_HOST)";
				CODE_SIGN_STYLE = Automatic;
				CURRENT_PROJECT_VERSION = 1;
				DEVELOPMENT_TEAM = 52W72N842G;
				GENERATE_INFOPLIST_FILE = YES;
				IPHONEOS_DEPLOYMENT_TARGET = 14.0;
				MARKETING_VERSION = 1.0;
				PRODUCT_BUNDLE_IDENTIFIER = com.samir01.GymBuddyTests;
				PRODUCT_NAME = "$(TARGET_NAME)";
				SUPPORTED_PLATFORMS = "iphoneos iphonesimulator";
				SUPPORTS_MACCATALYST = NO;
				SUPPORTS_MAC_DESIGNED_FOR_IPHONE_IPAD = NO;
				SWIFT_EMIT_LOC_STRINGS = NO;
				SWIFT_VERSION = 5.0;
				TARGETED_DEVICE_FAMILY = 1;
				TEST_HOST = "$(BUILT_PRODUCTS_DIR)/GymBuddy.app/$(BUNDLE_EXECUTABLE_FOLDER_PATH)/GymBuddy";
			};
			name = Release;
		};
/* End XCBuildConfiguration section */

/* Begin XCConfigurationList section */
		522D0FAB290188C600A52D85 /* Build configuration list for PBXProject "GymBuddy" */ = {
			isa = XCConfigurationList;
			buildConfigurations = (
				522D0FC2290188C800A52D85 /* Debug */,
				522D0FC3290188C800A52D85 /* Release */,
			);
			defaultConfigurationIsVisible = 0;
			defaultConfigurationName = Release;
		};
		522D0FC4290188C800A52D85 /* Build configuration list for PBXNativeTarget "GymBuddy" */ = {
			isa = XCConfigurationList;
			buildConfigurations = (
				522D0FC5290188C800A52D85 /* Debug */,
				522D0FC6290188C800A52D85 /* Release */,
			);
			defaultConfigurationIsVisible = 0;
			defaultConfigurationName = Release;
		};
		522F87C32904A32F00F99151 /* Build configuration list for PBXNativeTarget "GymBuddyTests" */ = {
			isa = XCConfigurationList;
			buildConfigurations = (
				522F87C42904A32F00F99151 /* Debug */,
				522F87C52904A32F00F99151 /* Release */,
			);
			defaultConfigurationIsVisible = 0;
			defaultConfigurationName = Release;
		};
/* End XCConfigurationList section */
	};
	rootObject = 522D0FA8290188C600A52D85 /* Project object */;
}
